
Microsoft Visual Studio Solution File, Format Version 11.00
# Visual Studio 2010
Project("{FAE04EC0-301F-11D3-BF4B-00C04F79EFBC}") = "beam3DTC", "beam3DTC\beam3DTC.csproj", "{CCC61BBE-F199-4228-A1CD-433D5825A9BC}"
EndProject
Global
	GlobalSection(SolutionConfigurationPlatforms) = preSolution
		Debug|x86 = Debug|x86
		Release|x86 = Release|x86
	EndGlobalSection
	GlobalSection(ProjectConfigurationPlatforms) = postSolution
		{CCC61BBE-F199-4228-A1CD-433D5825A9BC}.Debug|x86.ActiveCfg = Debug|x86
		{CCC61BBE-F199-4228-A1CD-433D5825A9BC}.Debug|x86.Build.0 = Debug|x86
		{CCC61BBE-F199-4228-A1CD-433D5825A9BC}.Release|x86.ActiveCfg = Release|x86
		{CCC61BBE-F199-4228-A1CD-433D5825A9BC}.Release|x86.Build.0 = Release|x86
	EndGlobalSection
	GlobalSection(SolutionProperties) = preSolution
		HideSolutionNode = FALSE
	EndGlobalSection
EndGlobal
